
Microsoft Visual Studio Solution File, Format Version 12.00
# Visual Studio Version 16
VisualStudioVersion = 16.0.30503.244
MinimumVisualStudioVersion = 10.0.40219.1
Project("{FAE04EC0-301F-11D3-BF4B-00C04F79EFBC}") = "Need for Speed Underground Launcher", "Need for Speed Underground Launcher\Need for Speed Underground Launcher.csproj", "{1440AC7A-45F9-4B44-9DF0-783997B6A612}"
EndProject
Global
	GlobalSection(SolutionConfigurationPlatforms) = preSolution
		Debug|Any CPU = Debug|Any CPU
		Release|Any CPU = Release|Any CPU
	EndGlobalSection
	GlobalSection(ProjectConfigurationPlatforms) = postSolution
		{1440AC7A-45F9-4B44-9DF0-783997B6A612}.Debug|Any CPU.ActiveCfg = Debug|Any CPU
		{1440AC7A-45F9-4B44-9DF0-783997B6A612}.Debug|Any CPU.Build.0 = Debug|Any CPU
		{1440AC7A-45F9-4B44-9DF0-783997B6A612}.Release|Any CPU.ActiveCfg = Release|Any CPU
		{1440AC7A-45F9-4B44-9DF0-783997B6A612}.Release|Any CPU.Build.0 = Release|Any CPU
	EndGlobalSection
	GlobalSection(SolutionProperties) = preSolution
		HideSolutionNode = FALSE
	EndGlobalSection
	GlobalSection(ExtensibilityGlobals) = postSolution
		SolutionGuid = {F9CF98B1-BAEC-49D5-AB58-DA0C05C91558}
	EndGlobalSection
EndGlobal
